
Microsoft Visual Studio Solution File, Format Version 12.00
# Visual Studio Version 17
VisualStudioVersion = 17.3.32929.385
MinimumVisualStudioVersion = 10.0.40219.1
Project("{FAE04EC0-301F-11D3-BF4B-00C04F79EFBC}") = "TheDevBlog.API", "TheDevBlog.API\TheDevBlog.API.csproj", "{BF3E0207-D014-40B0-82DF-A7B56AB28405}"
EndProject
Global
	GlobalSection(SolutionConfigurationPlatforms) = preSolution
		Debug|Any CPU = Debug|Any CPU
		Release|Any CPU = Release|Any CPU
	EndGlobalSection
	GlobalSection(ProjectConfigurationPlatforms) = postSolution
		{BF3E0207-D014-40B0-82DF-A7B56AB28405}.Debug|Any CPU.ActiveCfg = Debug|Any CPU
		{BF3E0207-D014-40B0-82DF-A7B56AB28405}.Debug|Any CPU.Build.0 = Debug|Any CPU
		{BF3E0207-D014-40B0-82DF-A7B56AB28405}.Release|Any CPU.ActiveCfg = Release|Any CPU
		{BF3E0207-D014-40B0-82DF-A7B56AB28405}.Release|Any CPU.Build.0 = Release|Any CPU
	EndGlobalSection
	GlobalSection(SolutionProperties) = preSolution
		HideSolutionNode = FALSE
	EndGlobalSection
	GlobalSection(ExtensibilityGlobals) = postSolution
		SolutionGuid = {EF4A9139-AB58-4B23-AB5A-2938ACBCF6C3}
	EndGlobalSection
EndGlobal
